
Microsoft Visual Studio Solution File, Format Version 12.00
# Visual Studio Version 16
VisualStudioVersion = 16.0.28803.452
MinimumVisualStudioVersion = 10.0.40219.1
Project("{9A19103F-16F7-4668-BE54-9A1E7A4F7556}") = "Middleware", "Middleware.csproj", "{029EA16B-7F67-4AE8-9453-62B84264FD17}"
EndProject
Global
	GlobalSection(SolutionConfigurationPlatforms) = preSolution
		Debug|Any CPU = Debug|Any CPU
		Release|Any CPU = Release|Any CPU
	EndGlobalSection
	GlobalSection(ProjectConfigurationPlatforms) = postSolution
		{029EA16B-7F67-4AE8-9453-62B84264FD17}.Debug|Any CPU.ActiveCfg = Debug|Any CPU
		{029EA16B-7F67-4AE8-9453-62B84264FD17}.Debug|Any CPU.Build.0 = Debug|Any CPU
		{029EA16B-7F67-4AE8-9453-62B84264FD17}.Release|Any CPU.ActiveCfg = Release|Any CPU
		{029EA16B-7F67-4AE8-9453-62B84264FD17}.Release|Any CPU.Build.0 = Release|Any CPU
	EndGlobalSection
	GlobalSection(SolutionProperties) = preSolution
		HideSolutionNode = FALSE
	EndGlobalSection
	GlobalSection(ExtensibilityGlobals) = postSolution
		SolutionGuid = {A70D581F-842D-40F0-8953-5233CA556777}
	EndGlobalSection
EndGlobal
